
Microsoft Visual Studio Solution File, Format Version 12.00
# Visual Studio 2012
Project("{FAE04EC0-301F-11D3-BF4B-00C04F79EFBC}") = "Services.Identity", "Services.Identity\Services.Identity.csproj", "{0B8AC145-BCC2-41B4-8ECD-4EABFF31C63D}"
EndProject
Project("{FAE04EC0-301F-11D3-BF4B-00C04F79EFBC}") = "Api", "..\..\Downloads\IdentityServer4.Samples-release\Quickstarts\1_ClientCredentials\src\Api\Api.csproj", "{080849E1-E357-4841-9764-5F241AB0E1B8}"
EndProject
Project("{FAE04EC0-301F-11D3-BF4B-00C04F79EFBC}") = "Client", "..\..\Downloads\IdentityServer4.Samples-release\Quickstarts\1_ClientCredentials\src\Client\Client.csproj", "{B819C752-CE57-4DA4-BF74-DA0E184FA415}"
EndProject
Global
	GlobalSection(SolutionConfigurationPlatforms) = preSolution
		Debug|Any CPU = Debug|Any CPU
		Release|Any CPU = Release|Any CPU
	EndGlobalSection
	GlobalSection(ProjectConfigurationPlatforms) = postSolution
		{0B8AC145-BCC2-41B4-8ECD-4EABFF31C63D}.Debug|Any CPU.ActiveCfg = Debug|Any CPU
		{0B8AC145-BCC2-41B4-8ECD-4EABFF31C63D}.Debug|Any CPU.Build.0 = Debug|Any CPU
		{0B8AC145-BCC2-41B4-8ECD-4EABFF31C63D}.Release|Any CPU.ActiveCfg = Release|Any CPU
		{0B8AC145-BCC2-41B4-8ECD-4EABFF31C63D}.Release|Any CPU.Build.0 = Release|Any CPU
		{080849E1-E357-4841-9764-5F241AB0E1B8}.Debug|Any CPU.ActiveCfg = Debug|Any CPU
		{080849E1-E357-4841-9764-5F241AB0E1B8}.Debug|Any CPU.Build.0 = Debug|Any CPU
		{080849E1-E357-4841-9764-5F241AB0E1B8}.Release|Any CPU.ActiveCfg = Release|Any CPU
		{080849E1-E357-4841-9764-5F241AB0E1B8}.Release|Any CPU.Build.0 = Release|Any CPU
		{B819C752-CE57-4DA4-BF74-DA0E184FA415}.Debug|Any CPU.ActiveCfg = Debug|Any CPU
		{B819C752-CE57-4DA4-BF74-DA0E184FA415}.Debug|Any CPU.Build.0 = Debug|Any CPU
		{B819C752-CE57-4DA4-BF74-DA0E184FA415}.Release|Any CPU.ActiveCfg = Release|Any CPU
		{B819C752-CE57-4DA4-BF74-DA0E184FA415}.Release|Any CPU.Build.0 = Release|Any CPU
	EndGlobalSection
EndGlobal
